[root]
name = "synthesizer-io"
version = "0.1.0"
dependencies = [
 "coreaudio-rs 0.6.0 (registry+https://github.com/rust-lang/crates.io-index)",
 "coremidi 0.2.0",
 "lazy_static 0.2.4 (registry+https://github.com/rust-lang/crates.io-index)",
 "time 0.1.36 (registry+https://github.com/rust-lang/crates.io-index)",
]

[[package]]
name = "bitflags"
version = "0.7.0"
source = "registry+https://github.com/rust-lang/crates.io-index"

[[package]]
name = "core-foundation"
version = "0.2.3"
source = "registry+https://github.com/rust-lang/crates.io-index"
dependencies = [
 "core-foundation-sys 0.2.3 (registry+https://github.com/rust-lang/crates.io-index)",
 "libc 0.2.21 (registry+https://github.com/rust-lang/crates.io-index)",
]

[[package]]
name = "core-foundation-sys"
version = "0.2.3"
source = "registry+https://github.com/rust-lang/crates.io-index"
dependencies = [
 "libc 0.2.21 (registry+https://github.com/rust-lang/crates.io-index)",
]

[[package]]
name = "coreaudio-rs"
version = "0.6.0"
source = "registry+https://github.com/rust-lang/crates.io-index"
dependencies = [
 "bitflags 0.7.0 (registry+https://github.com/rust-lang/crates.io-index)",
 "coreaudio-sys 0.1.2 (registry+https://github.com/rust-lang/crates.io-index)",
 "libc 0.2.21 (registry+https://github.com/rust-lang/crates.io-index)",
]

[[package]]
name = "coreaudio-sys"
version = "0.1.2"
source = "registry+https://github.com/rust-lang/crates.io-index"
dependencies = [
 "libc 0.2.21 (registry+https://github.com/rust-lang/crates.io-index)",
]

[[package]]
name = "coremidi"
version = "0.2.0"
dependencies = [
 "core-foundation 0.2.3 (registry+https://github.com/rust-lang/crates.io-index)",
 "core-foundation-sys 0.2.3 (registry+https://github.com/rust-lang/crates.io-index)",
 "coremidi-sys 1.0.0 (registry+https://github.com/rust-lang/crates.io-index)",
 "libc 0.2.21 (registry+https://github.com/rust-lang/crates.io-index)",
 "time 0.1.36 (registry+https://github.com/rust-lang/crates.io-index)",
]

[[package]]
name = "coremidi-sys"
version = "1.0.0"
source = "registry+https://github.com/rust-lang/crates.io-index"
dependencies = [
 "core-foundation-sys 0.2.3 (registry+https://github.com/rust-lang/crates.io-index)",
 "libc 0.2.21 (registry+https://github.com/rust-lang/crates.io-index)",
]

[[package]]
name = "kernel32-sys"
version = "0.2.2"
source = "registry+https://github.com/rust-lang/crates.io-index"
dependencies = [
 "winapi 0.2.8 (registry+https://github.com/rust-lang/crates.io-index)",
 "winapi-build 0.1.1 (registry+https://github.com/rust-lang/crates.io-index)",
]

[[package]]
name = "lazy_static"
version = "0.2.4"
source = "registry+https://github.com/rust-lang/crates.io-index"

[[package]]
name = "libc"
version = "0.2.21"
source = "registry+https://github.com/rust-lang/crates.io-index"

[[package]]
name = "redox_syscall"
version = "0.1.16"
source = "registry+https://github.com/rust-lang/crates.io-index"

[[package]]
name = "time"
version = "0.1.36"
source = "registry+https://github.com/rust-lang/crates.io-index"
dependencies = [
 "kernel32-sys 0.2.2 (registry+https://github.com/rust-lang/crates.io-index)",
 "libc 0.2.21 (registry+https://github.com/rust-lang/crates.io-index)",
 "redox_syscall 0.1.16 (registry+https://github.com/rust-lang/crates.io-index)",
 "winapi 0.2.8 (registry+https://github.com/rust-lang/crates.io-index)",
]

[[package]]
name = "winapi"
version = "0.2.8"
source = "registry+https://github.com/rust-lang/crates.io-index"

[[package]]
name = "winapi-build"
version = "0.1.1"
source = "registry+https://github.com/rust-lang/crates.io-index"

[metadata]
"checksum bitflags 0.7.0 (registry+https://github.com/rust-lang/crates.io-index)" = "aad18937a628ec6abcd26d1489012cc0e18c21798210f491af69ded9b881106d"
"checksum core-foundation 0.2.3 (registry+https://github.com/rust-lang/crates.io-index)" = "25bfd746d203017f7d5cbd31ee5d8e17f94b6521c7af77ece6c9e4b2d4b16c67"
"checksum core-foundation-sys 0.2.3 (registry+https://github.com/rust-lang/crates.io-index)" = "065a5d7ffdcbc8fa145d6f0746f3555025b9097a9e9cda59f7467abae670c78d"
"checksum coreaudio-rs 0.6.0 (registry+https://github.com/rust-lang/crates.io-index)" = "7a633fa29946681f8c98ad593c00a84189961970a01e317b054cdd7628794f7f"
"checksum coreaudio-sys 0.1.2 (registry+https://github.com/rust-lang/crates.io-index)" = "31231897622a4cd14cb211af6f26d6fcf0c78078fa60c586ce9db8f0b581cd44"
"checksum coremidi-sys 1.0.0 (registry+https://github.com/rust-lang/crates.io-index)" = "11e34b2b347ea73fa447432ab79a577f88fb6687b30793a9ea644e94f650ad39"
"checksum kernel32-sys 0.2.2 (registry+https://github.com/rust-lang/crates.io-index)" = "7507624b29483431c0ba2d82aece8ca6cdba9382bff4ddd0f7490560c056098d"
"checksum lazy_static 0.2.4 (registry+https://github.com/rust-lang/crates.io-index)" = "7291b1dd97d331f752620b02dfdbc231df7fc01bf282a00769e1cdb963c460dc"
"checksum libc 0.2.21 (registry+https://github.com/rust-lang/crates.io-index)" = "88ee81885f9f04bff991e306fea7c1c60a5f0f9e409e99f6b40e3311a3363135"
"checksum redox_syscall 0.1.16 (registry+https://github.com/rust-lang/crates.io-index)" = "8dd35cc9a8bdec562c757e3d43c1526b5c6d2653e23e2315065bc25556550753"
"checksum time 0.1.36 (registry+https://github.com/rust-lang/crates.io-index)" = "211b63c112206356ef1ff9b19355f43740fc3f85960c598a93d3a3d3ba7beade"
"checksum winapi 0.2.8 (registry+https://github.com/rust-lang/crates.io-index)" = "167dc9d6949a9b857f3451275e911c3f44255842c1f7a76f33c55103a909087a"
"checksum winapi-build 0.1.1 (registry+https://github.com/rust-lang/crates.io-index)" = "2d315eee3b34aca4797b2da6b13ed88266e6d612562a0c46390af8299fc699bc"
